{
  "version": 4,
  "terraform_version": "1.7.3",
  "serial": 5,
  "lineage": "d7a39cc7-dea2-2451-de81-e1d1f0463fcb",
  "outputs": {},
  "resources": [
    {
      "mode": "managed",
      "type": "spotify_playlist",
      "name": "playlist",
      "provider": "provider[\"registry.terraform.io/conradludgate/spotify\"]",
      "instances": [
        {
          "schema_version": 0,
          "attributes": {
            "description": "My playlist is so awesome",
            "id": "1pehEKur9CDi6e7LMh5jkf",
            "name": "MyTerraformPlaylist",
            "public": true,
            "snapshot_id": "AAAAA8/6Y0tWS2Gza1oRZTfxhe/zjo9d",
            "tracks": [
              "5FG7Tl93LdH117jEKYl3Cm",
              "3Xfwu3xtPqmJ4nM4jpBm8O",
              "7862flGk6U3tiWs2m2aUzH"
            ]
          },
          "sensitive_attributes": [],
          "private": "bnVsbA=="
        }
      ]
    }
  ],
  "check_results": null
}
